# THIS IS AN AUTOGENERATED FILE. DO NOT EDIT THIS FILE DIRECTLY.
# yarn lockfile v1


"@tanstack/query-core@5.56.2":
  version "5.56.2"
  resolved "https://registry.yarnpkg.com/@tanstack/query-core/-/query-core-5.56.2.tgz#2def2fb0290cd2836bbb08afb0c175595bb8109b"
  integrity sha512-gor0RI3/R5rVV3gXfddh1MM+hgl0Z4G7tj6Xxpq6p2I03NGPaJ8dITY9Gz05zYYb/EJq9vPas/T4wn9EaDPd4Q==

"@tanstack/react-query@^5.56.2":
  version "5.56.2"
  resolved "https://registry.yarnpkg.com/@tanstack/react-query/-/react-query-5.56.2.tgz#3a0241b9d010910905382f5e99160997b8795f91"
  integrity sha512-SR0GzHVo6yzhN72pnRhkEFRAHMsUo5ZPzAxfTMvUxFIDVS6W9LYUp6nXW3fcHVdg0ZJl8opSH85jqahvm6DSVg==
  dependencies:
    "@tanstack/query-core" "5.56.2"
